
Microsoft Visual Studio Solution File, Format Version 12.00
# Visual Studio Version 16
VisualStudioVersion = 16.0.30114.128
MinimumVisualStudioVersion = 10.0.40219.1
Project("{FAE04EC0-301F-11D3-BF4B-00C04F79EFBC}") = "TicTacToe", "TicTacToe\TicTacToe.csproj", "{67B68D32-EE74-481D-AD36-FF53D4E3D461}"
EndProject
Global
	GlobalSection(SolutionConfigurationPlatforms) = preSolution
		Debug|Any CPU = Debug|Any CPU
		Release|Any CPU = Release|Any CPU
	EndGlobalSection
	GlobalSection(ProjectConfigurationPlatforms) = postSolution
		{67B68D32-EE74-481D-AD36-FF53D4E3D461}.Debug|Any CPU.ActiveCfg = Debug|Any CPU
		{67B68D32-EE74-481D-AD36-FF53D4E3D461}.Debug|Any CPU.Build.0 = Debug|Any CPU
		{67B68D32-EE74-481D-AD36-FF53D4E3D461}.Release|Any CPU.ActiveCfg = Release|Any CPU
		{67B68D32-EE74-481D-AD36-FF53D4E3D461}.Release|Any CPU.Build.0 = Release|Any CPU
	EndGlobalSection
	GlobalSection(SolutionProperties) = preSolution
		HideSolutionNode = FALSE
	EndGlobalSection
	GlobalSection(ExtensibilityGlobals) = postSolution
		SolutionGuid = {E9AE5E2E-A272-4146-AB7F-B9418E7EC1E1}
	EndGlobalSection
EndGlobal
